<?xml version="1.0" encoding="utf-8"?>
<Project ToolsVersion="4.0" xmlns="http://schemas.microsoft.com/developer/msbuild/2003">
  <ItemGroup>
    <Filter Include="win32">
      <UniqueIdentifier>{84a8ebd7-7cf0-47f6-b75e-d441df67da40}</UniqueIdentifier>
    </Filter>
    <Filter Include="resource">
      <UniqueIdentifier>{715254bc-d70b-4ec5-bf29-467dd3ace079}</UniqueIdentifier>
    </Filter>
    <Filter Include="src">
      <UniqueIdentifier>{bb6c862e-70e9-49d9-81b7-3829a6f50471}</UniqueIdentifier>
    </Filter>
    <Filter Include="src\Base">
      <UniqueIdentifier>{8b019833-d4af-4d15-9627-373cc0089eaa}</UniqueIdentifier>
    </Filter>
    <Filter Include="src\HellowWorld">
      <UniqueIdentifier>{343c2f90-2b29-4341-a8d4-47d5dcf5e602}</UniqueIdentifier>
    </Filter>
    <Filter Include="src\Node">
      <UniqueIdentifier>{e955ad60-2683-453f-9ad0-9ae85b702820}</UniqueIdentifier>
    </Filter>
    <Filter Include="src\Scene">
      <UniqueIdentifier>{659b06d5-3bb9-4ddb-a67f-10648ad01261}</UniqueIdentifier>
    </Filter>
    <Filter Include="src\Layer">
      <UniqueIdentifier>{dfb172ca-8f70-42af-ad76-66233e5f7235}</UniqueIdentifier>
    </Filter>
    <Filter Include="src\UserData">
      <UniqueIdentifier>{ccb8a5ae-265b-4331-b48d-9c3b2b4d0e2c}</UniqueIdentifier>
    </Filter>
    <Filter Include="src\Deprecated">
      <UniqueIdentifier>{b39af55f-be50-4dfe-abb9-4d4d1517bec8}</UniqueIdentifier>
    </Filter>
  </ItemGroup>
  <ItemGroup>
    <ClCompile Include="main.cpp">
      <Filter>win32</Filter>
    </ClCompile>
    <ClCompile Include="..\Classes\ConfigUtil.cpp">
      <Filter>src</Filter>
    </ClCompile>
    <ClCompile Include="..\Classes\BaseObject.cpp">
      <Filter>src\Base</Filter>
    </ClCompile>
    <ClCompile Include="..\Classes\HelloWorldScene.cpp">
      <Filter>src\HellowWorld</Filter>
    </ClCompile>
    <ClCompile Include="..\Classes\BasePlane.cpp">
      <Filter>src\Base</Filter>
    </ClCompile>
    <ClCompile Include="..\Classes\BulletLayer.cpp">
      <Filter>src\Deprecated</Filter>
    </ClCompile>
    <ClCompile Include="..\Classes\EnemyBulletLayer.cpp">
      <Filter>src\Deprecated</Filter>
    </ClCompile>
    <ClCompile Include="..\Classes\EnemyLayer.cpp">
      <Filter>src\Deprecated</Filter>
    </ClCompile>
    <ClCompile Include="..\Classes\PlayerLayer.cpp">
      <Filter>src\Deprecated</Filter>
    </ClCompile>
    <ClCompile Include="..\Classes\Controller.cpp">
      <Filter>src\Node</Filter>
    </ClCompile>
    <ClCompile Include="..\Classes\CameraNode.cpp">
      <Filter>src\Node</Filter>
    </ClCompile>
    <ClCompile Include="..\Classes\PlayerPlane.cpp">
      <Filter>src\Node</Filter>
    </ClCompile>
    <ClCompile Include="..\Classes\BulletUserData.cpp">
      <Filter>src\UserData</Filter>
    </ClCompile>
    <ClCompile Include="..\Classes\EnemyUserData.cpp">
      <Filter>src\UserData</Filter>
    </ClCompile>
    <ClCompile Include="..\Classes\PlayerUserData.cpp">
      <Filter>src\UserData</Filter>
    </ClCompile>
    <ClCompile Include="..\Classes\GameBackgroundLayer.cpp">
      <Filter>src\Layer</Filter>
    </ClCompile>
    <ClCompile Include="..\Classes\UILayer.cpp">
      <Filter>src\Layer</Filter>
    </ClCompile>
    <ClCompile Include="..\Classes\AppDelegate.cpp">
      <Filter>src</Filter>
    </ClCompile>
    <ClCompile Include="..\Classes\BaseCamera.cpp">
      <Filter>src\Base</Filter>
    </ClCompile>
    <ClCompile Include="..\Classes\BaseTraced.cpp">
      <Filter>src\Base</Filter>
    </ClCompile>
    <ClCompile Include="..\Classes\BasePlayer.cpp">
      <Filter>src\Base</Filter>
    </ClCompile>
    <ClCompile Include="..\Classes\AnimationUtil.cpp">
      <Filter>src</Filter>
    </ClCompile>
    <ClCompile Include="..\Classes\BattleScene.cpp">
      <Filter>src\Scene</Filter>
    </ClCompile>
    <ClCompile Include="..\Classes\BattleLayer.cpp">
      <Filter>src\Layer</Filter>
    </ClCompile>
  </ItemGroup>
  <ItemGroup>
    <ClInclude Include="main.h">
      <Filter>win32</Filter>
    </ClInclude>
    <ClInclude Include="..\Classes\ConfigUtil.h">
      <Filter>src</Filter>
    </ClInclude>
    <ClInclude Include="..\Classes\BaseObject.h">
      <Filter>src\Base</Filter>
    </ClInclude>
    <ClInclude Include="..\Classes\HelloWorldScene.h">
      <Filter>src\HellowWorld</Filter>
    </ClInclude>
    <ClInclude Include="..\Classes\BasePlane.h">
      <Filter>src\Base</Filter>
    </ClInclude>
    <ClInclude Include="..\Classes\BulletLayer.h">
      <Filter>src\Deprecated</Filter>
    </ClInclude>
    <ClInclude Include="..\Classes\EnemyBulletLayer.h">
      <Filter>src\Deprecated</Filter>
    </ClInclude>
    <ClInclude Include="..\Classes\EnemyLayer.h">
      <Filter>src\Deprecated</Filter>
    </ClInclude>
    <ClInclude Include="..\Classes\PlayerLayer.h">
      <Filter>src\Deprecated</Filter>
    </ClInclude>
    <ClInclude Include="..\Classes\Controller.h">
      <Filter>src\Node</Filter>
    </ClInclude>
    <ClInclude Include="..\Classes\CameraNode.h">
      <Filter>src\Node</Filter>
    </ClInclude>
    <ClInclude Include="..\Classes\PlayerPlane.h">
      <Filter>src\Node</Filter>
    </ClInclude>
    <ClInclude Include="..\Classes\BulletUserData.h">
      <Filter>src\UserData</Filter>
    </ClInclude>
    <ClInclude Include="..\Classes\EnemyUserData.h">
      <Filter>src\UserData</Filter>
    </ClInclude>
    <ClInclude Include="..\Classes\PlayerUserData.h">
      <Filter>src\UserData</Filter>
    </ClInclude>
    <ClInclude Include="..\Classes\GameBackgroundLayer.h">
      <Filter>src\Layer</Filter>
    </ClInclude>
    <ClInclude Include="..\Classes\UILayer.h">
      <Filter>src\Layer</Filter>
    </ClInclude>
    <ClInclude Include="..\Classes\AppDelegate.h">
      <Filter>src</Filter>
    </ClInclude>
    <ClInclude Include="..\Classes\BaseCamera.h">
      <Filter>src\Base</Filter>
    </ClInclude>
    <ClInclude Include="..\Classes\BaseTraced.h">
      <Filter>src\Base</Filter>
    </ClInclude>
    <ClInclude Include="..\Classes\BasePlayer.h">
      <Filter>src\Base</Filter>
    </ClInclude>
    <ClInclude Include="..\Classes\AnimationUtil.h">
      <Filter>src</Filter>
    </ClInclude>
    <ClInclude Include="..\Classes\BattleScene.h">
      <Filter>src\Scene</Filter>
    </ClInclude>
    <ClInclude Include="..\Classes\BattleLayer.h">
      <Filter>src\Layer</Filter>
    </ClInclude>
  </ItemGroup>
  <ItemGroup>
    <ResourceCompile Include="game.rc">
      <Filter>resource</Filter>
    </ResourceCompile>
  </ItemGroup>
  <ItemGroup>
    <None Include="ClassDiagram.cd" />
  </ItemGroup>
</Project>