// !$*UTF8*$!
{
	archiveVersion = 1;
	classes = {
	};
	objectVersion = 46;
	objects = {

/* Begin PBXBuildFile section */
		1D60589F0D05DD5A006BFB54 /* Foundation.framework in Frameworks */ = {isa = PBXBuildFile; fileRef = 1D30AB110D05D00D00671497 /* Foundation.framework */; };
		1DF5F4E00D08C38300B7A737 /* UIKit.framework in Frameworks */ = {isa = PBXBuildFile; fileRef = 1DF5F4DF0D08C38300B7A737 /* UIKit.framework */; };
		288765A50DF7441C002DB57D /* CoreGraphics.framework in Frameworks */ = {isa = PBXBuildFile; fileRef = 288765A40DF7441C002DB57D /* CoreGraphics.framework */; };
		41E34A81ACA2320B6C76C445 /* res in Resources */ = {isa = PBXBuildFile; fileRef = FA144D09A52357282113E0F8 /* res */; };
		46880B8819C43A87006E1F66 /* AppDelegate.cpp in Sources */ = {isa = PBXBuildFile; fileRef = 46880B8419C43A87006E1F66 /* AppDelegate.cpp */; };
		46880B8919C43A87006E1F66 /* AppDelegate.cpp in Sources */ = {isa = PBXBuildFile; fileRef = 46880B8419C43A87006E1F66 /* AppDelegate.cpp */; };
		46880B8A19C43A87006E1F66 /* HelloWorldScene.cpp in Sources */ = {isa = PBXBuildFile; fileRef = 46880B8619C43A87006E1F66 /* HelloWorldScene.cpp */; };
		46880B8B19C43A87006E1F66 /* HelloWorldScene.cpp in Sources */ = {isa = PBXBuildFile; fileRef = 46880B8619C43A87006E1F66 /* HelloWorldScene.cpp */; };
		503AE0F817EB97AB00D1A890 /* Icon.icns in Resources */ = {isa = PBXBuildFile; fileRef = 503AE0F617EB97AB00D1A890 /* Icon.icns */; };
		503AE10017EB989F00D1A890 /* AppController.mm in Sources */ = {isa = PBXBuildFile; fileRef = 503AE0FB17EB989F00D1A890 /* AppController.mm */; };
		503AE10117EB989F00D1A890 /* main.m in Sources */ = {isa = PBXBuildFile; fileRef = 503AE0FC17EB989F00D1A890 /* main.m */; };
		503AE10217EB989F00D1A890 /* RootViewController.mm in Sources */ = {isa = PBXBuildFile; fileRef = 503AE0FF17EB989F00D1A890 /* RootViewController.mm */; };
		503AE10517EB98FF00D1A890 /* main.cpp in Sources */ = {isa = PBXBuildFile; fileRef = 503AE10317EB98FF00D1A890 /* main.cpp */; };
		503AE11B17EB9C5A00D1A890 /* IOKit.framework in Frameworks */ = {isa = PBXBuildFile; fileRef = 503AE11A17EB9C5A00D1A890 /* IOKit.framework */; };
		5087E76317EB910900C73F5D /* Foundation.framework in Frameworks */ = {isa = PBXBuildFile; fileRef = 1D30AB110D05D00D00671497 /* Foundation.framework */; };
		5087E76717EB910900C73F5D /* libz.dylib in Frameworks */ = {isa = PBXBuildFile; fileRef = BF170DB412928DE900B8313A /* libz.dylib */; };
		5087E76817EB910900C73F5D /* QuartzCore.framework in Frameworks */ = {isa = PBXBuildFile; fileRef = BF1C47EA1293683800B63C5D /* QuartzCore.framework */; };
		5087E76917EB910900C73F5D /* OpenAL.framework in Frameworks */ = {isa = PBXBuildFile; fileRef = D44C620B132DFF330009C878 /* OpenAL.framework */; };
		5087E76A17EB910900C73F5D /* AVFoundation.framework in Frameworks */ = {isa = PBXBuildFile; fileRef = D44C620D132DFF430009C878 /* AVFoundation.framework */; };
		5087E76B17EB910900C73F5D /* AudioToolbox.framework in Frameworks */ = {isa = PBXBuildFile; fileRef = D44C620F132DFF4E0009C878 /* AudioToolbox.framework */; };
		5087E77D17EB970100C73F5D /* Default-568h@2x.png in Resources */ = {isa = PBXBuildFile; fileRef = 5087E77217EB970100C73F5D /* Default-568h@2x.png */; };
		5087E77E17EB970100C73F5D /* Default.png in Resources */ = {isa = PBXBuildFile; fileRef = 5087E77317EB970100C73F5D /* Default.png */; };
		5087E77F17EB970100C73F5D /* Default@2x.png in Resources */ = {isa = PBXBuildFile; fileRef = 5087E77417EB970100C73F5D /* Default@2x.png */; };
		5087E78017EB970100C73F5D /* Icon-114.png in Resources */ = {isa = PBXBuildFile; fileRef = 5087E77517EB970100C73F5D /* Icon-114.png */; };
		5087E78117EB970100C73F5D /* Icon-120.png in Resources */ = {isa = PBXBuildFile; fileRef = 5087E77617EB970100C73F5D /* Icon-120.png */; };
		5087E78217EB970100C73F5D /* Icon-144.png in Resources */ = {isa = PBXBuildFile; fileRef = 5087E77717EB970100C73F5D /* Icon-144.png */; };
		5087E78317EB970100C73F5D /* Icon-152.png in Resources */ = {isa = PBXBuildFile; fileRef = 5087E77817EB970100C73F5D /* Icon-152.png */; };
		5087E78417EB970100C73F5D /* Icon-57.png in Resources */ = {isa = PBXBuildFile; fileRef = 5087E77917EB970100C73F5D /* Icon-57.png */; };
		5087E78517EB970100C73F5D /* Icon-72.png in Resources */ = {isa = PBXBuildFile; fileRef = 5087E77A17EB970100C73F5D /* Icon-72.png */; };
		5087E78617EB970100C73F5D /* Icon-76.png in Resources */ = {isa = PBXBuildFile; fileRef = 5087E77B17EB970100C73F5D /* Icon-76.png */; };
		5087E78917EB974C00C73F5D /* AppKit.framework in Frameworks */ = {isa = PBXBuildFile; fileRef = 5087E78817EB974C00C73F5D /* AppKit.framework */; };
		5087E78B17EB975400C73F5D /* OpenGL.framework in Frameworks */ = {isa = PBXBuildFile; fileRef = 5087E78A17EB975400C73F5D /* OpenGL.framework */; };
		50EF629617ECD46A001EB2F8 /* Icon-40.png in Resources */ = {isa = PBXBuildFile; fileRef = 50EF629217ECD46A001EB2F8 /* Icon-40.png */; };
		50EF629717ECD46A001EB2F8 /* Icon-58.png in Resources */ = {isa = PBXBuildFile; fileRef = 50EF629317ECD46A001EB2F8 /* Icon-58.png */; };
		50EF629817ECD46A001EB2F8 /* Icon-80.png in Resources */ = {isa = PBXBuildFile; fileRef = 50EF629417ECD46A001EB2F8 /* Icon-80.png */; };
		50EF629917ECD46A001EB2F8 /* Icon-100.png in Resources */ = {isa = PBXBuildFile; fileRef = 50EF629517ECD46A001EB2F8 /* Icon-100.png */; };
		50EF62A217ECD613001EB2F8 /* Icon-29.png in Resources */ = {isa = PBXBuildFile; fileRef = 50EF62A017ECD613001EB2F8 /* Icon-29.png */; };
		50EF62A317ECD613001EB2F8 /* Icon-50.png in Resources */ = {isa = PBXBuildFile; fileRef = 50EF62A117ECD613001EB2F8 /* Icon-50.png */; };
		521A8E6419F0C34300D177D7 /* Default-667h@2x.png in Resources */ = {isa = PBXBuildFile; fileRef = 521A8E6219F0C34300D177D7 /* Default-667h@2x.png */; };
		521A8E6519F0C34300D177D7 /* Default-736h@3x.png in Resources */ = {isa = PBXBuildFile; fileRef = 521A8E6319F0C34300D177D7 /* Default-736h@3x.png */; };
		52B47A471A53D09C004E4C60 /* Security.framework in Frameworks */ = {isa = PBXBuildFile; fileRef = 52B47A461A53D09B004E4C60 /* Security.framework */; };
		68DF4CD48FF618773F3C8241 /* libcocos2d iOS.a in Frameworks */ = {isa = PBXBuildFile; fileRef = FE4A434CB0497EB05B450757 /* libcocos2d iOS.a */; };
		7AB94C6A95BCF2B4CA3DF1DC /* res in Resources */ = {isa = PBXBuildFile; fileRef = FA144D09A52357282113E0F8 /* res */; };
		811A67851B2001B2001CD8D2 /* Tail.plist in Resources */ = {isa = PBXBuildFile; fileRef = 811A67841B2001B2001CD8D2 /* Tail.plist */; };
		814C57E21B213E3700A259C4 /* Birth_1.plist in Resources */ = {isa = PBXBuildFile; fileRef = 814C57DF1B213E3700A259C4 /* Birth_1.plist */; };
		814C57E31B213E3700A259C4 /* Birth_2.plist in Resources */ = {isa = PBXBuildFile; fileRef = 814C57E01B213E3700A259C4 /* Birth_2.plist */; };
		814C57E41B213E3700A259C4 /* Death.plist in Resources */ = {isa = PBXBuildFile; fileRef = 814C57E11B213E3700A259C4 /* Death.plist */; };
		818BE4AF1B1C850D00F44D7E /* BaseCamera.cpp in Sources */ = {isa = PBXBuildFile; fileRef = 818BE4871B1C850D00F44D7E /* BaseCamera.cpp */; };
		818BE4B01B1C850D00F44D7E /* BaseObject.cpp in Sources */ = {isa = PBXBuildFile; fileRef = 818BE4891B1C850D00F44D7E /* BaseObject.cpp */; };
		818BE4B11B1C850D00F44D7E /* BasePlane.cpp in Sources */ = {isa = PBXBuildFile; fileRef = 818BE48B1B1C850D00F44D7E /* BasePlane.cpp */; };
		818BE4B21B1C850D00F44D7E /* BasePlayer.cpp in Sources */ = {isa = PBXBuildFile; fileRef = 818BE48D1B1C850D00F44D7E /* BasePlayer.cpp */; };
		818BE4B31B1C850D00F44D7E /* BaseTraced.cpp in Sources */ = {isa = PBXBuildFile; fileRef = 818BE48F1B1C850D00F44D7E /* BaseTraced.cpp */; };
		818BE4B41B1C850D00F44D7E /* BulletLayer.cpp in Sources */ = {isa = PBXBuildFile; fileRef = 818BE4911B1C850D00F44D7E /* BulletLayer.cpp */; };
		818BE4B51B1C850D00F44D7E /* BulletUserData.cpp in Sources */ = {isa = PBXBuildFile; fileRef = 818BE4931B1C850D00F44D7E /* BulletUserData.cpp */; };
		818BE4B61B1C850D00F44D7E /* CameraNode.cpp in Sources */ = {isa = PBXBuildFile; fileRef = 818BE4951B1C850D00F44D7E /* CameraNode.cpp */; };
		818BE4B71B1C850D00F44D7E /* ConfigUtil.cpp in Sources */ = {isa = PBXBuildFile; fileRef = 818BE4971B1C850D00F44D7E /* ConfigUtil.cpp */; };
		818BE4B81B1C850D00F44D7E /* Controller.cpp in Sources */ = {isa = PBXBuildFile; fileRef = 818BE4991B1C850D00F44D7E /* Controller.cpp */; };
		818BE4B91B1C850D00F44D7E /* EnemyBulletLayer.cpp in Sources */ = {isa = PBXBuildFile; fileRef = 818BE49B1B1C850D00F44D7E /* EnemyBulletLayer.cpp */; };
		818BE4BA1B1C850D00F44D7E /* EnemyLayer.cpp in Sources */ = {isa = PBXBuildFile; fileRef = 818BE49D1B1C850D00F44D7E /* EnemyLayer.cpp */; };
		818BE4BB1B1C850D00F44D7E /* EnemyUserData.cpp in Sources */ = {isa = PBXBuildFile; fileRef = 818BE49F1B1C850D00F44D7E /* EnemyUserData.cpp */; };
		818BE4BC1B1C850D00F44D7E /* GameBackgroundLayer.cpp in Sources */ = {isa = PBXBuildFile; fileRef = 818BE4A11B1C850D00F44D7E /* GameBackgroundLayer.cpp */; };
		818BE4BF1B1C850D00F44D7E /* PlayerLayer.cpp in Sources */ = {isa = PBXBuildFile; fileRef = 818BE4A71B1C850D00F44D7E /* PlayerLayer.cpp */; };
		818BE4C01B1C850D00F44D7E /* PlayerPlane.cpp in Sources */ = {isa = PBXBuildFile; fileRef = 818BE4A91B1C850D00F44D7E /* PlayerPlane.cpp */; };
		818BE4C11B1C850D00F44D7E /* PlayerUserData.cpp in Sources */ = {isa = PBXBuildFile; fileRef = 818BE4AB1B1C850D00F44D7E /* PlayerUserData.cpp */; };
		818BE4C21B1C850D00F44D7E /* UILayer.cpp in Sources */ = {isa = PBXBuildFile; fileRef = 818BE4AD1B1C850D00F44D7E /* UILayer.cpp */; };
		818BE4C81B1D485000F44D7E /* AnimationUtil.cpp in Sources */ = {isa = PBXBuildFile; fileRef = 818BE4C71B1D485000F44D7E /* AnimationUtil.cpp */; };
		818BE6291B1DACE100F44D7E /* Shockwave1.png in Resources */ = {isa = PBXBuildFile; fileRef = 818BE5C51B1DACE100F44D7E /* Shockwave1.png */; };
		818BE62A1B1DACE100F44D7E /* Shockwave2.png in Resources */ = {isa = PBXBuildFile; fileRef = 818BE5C61B1DACE100F44D7E /* Shockwave2.png */; };
		818BE62B1B1DACE100F44D7E /* Shockwave3.png in Resources */ = {isa = PBXBuildFile; fileRef = 818BE5C71B1DACE100F44D7E /* Shockwave3.png */; };
		818BE62C1B1DACE100F44D7E /* Shockwave4.png in Resources */ = {isa = PBXBuildFile; fileRef = 818BE5C81B1DACE100F44D7E /* Shockwave4.png */; };
		818BE62D1B1DACE100F44D7E /* Shockwave5.png in Resources */ = {isa = PBXBuildFile; fileRef = 818BE5C91B1DACE100F44D7E /* Shockwave5.png */; };
		818BE62E1B1DACE100F44D7E /* Shockwave6.png in Resources */ = {isa = PBXBuildFile; fileRef = 818BE5CA1B1DACE100F44D7E /* Shockwave6.png */; };
		818BE62F1B1DACE100F44D7E /* Shockwave7.png in Resources */ = {isa = PBXBuildFile; fileRef = 818BE5CB1B1DACE100F44D7E /* Shockwave7.png */; };
		818BE6301B1DACE100F44D7E /* Shockwave8.png in Resources */ = {isa = PBXBuildFile; fileRef = 818BE5CC1B1DACE100F44D7E /* Shockwave8.png */; };
		818BE6311B1DACE100F44D7E /* Shockwave9.png in Resources */ = {isa = PBXBuildFile; fileRef = 818BE5CD1B1DACE100F44D7E /* Shockwave9.png */; };
		818BE6321B1DACE100F44D7E /* Shockwave10.png in Resources */ = {isa = PBXBuildFile; fileRef = 818BE5CE1B1DACE100F44D7E /* Shockwave10.png */; };
		818BE6331B1DACE100F44D7E /* Shockwave11.png in Resources */ = {isa = PBXBuildFile; fileRef = 818BE5CF1B1DACE100F44D7E /* Shockwave11.png */; };
		818BE6341B1DACE100F44D7E /* Shockwave12.png in Resources */ = {isa = PBXBuildFile; fileRef = 818BE5D01B1DACE100F44D7E /* Shockwave12.png */; };
		818BE6351B1DACE100F44D7E /* Shockwave13.png in Resources */ = {isa = PBXBuildFile; fileRef = 818BE5D11B1DACE100F44D7E /* Shockwave13.png */; };
		818BE6361B1DACE100F44D7E /* Shockwave14.png in Resources */ = {isa = PBXBuildFile; fileRef = 818BE5D21B1DACE100F44D7E /* Shockwave14.png */; };
		818BE6371B1DACE100F44D7E /* Shockwave15.png in Resources */ = {isa = PBXBuildFile; fileRef = 818BE5D31B1DACE100F44D7E /* Shockwave15.png */; };
		818BE6381B1DACE100F44D7E /* Shockwave16.png in Resources */ = {isa = PBXBuildFile; fileRef = 818BE5D41B1DACE100F44D7E /* Shockwave16.png */; };
		818BE6391B1DACE100F44D7E /* Shockwave17.png in Resources */ = {isa = PBXBuildFile; fileRef = 818BE5D51B1DACE100F44D7E /* Shockwave17.png */; };
		818BE63A1B1DACE100F44D7E /* Shockwave18.png in Resources */ = {isa = PBXBuildFile; fileRef = 818BE5D61B1DACE100F44D7E /* Shockwave18.png */; };
		818BE63B1B1DACE100F44D7E /* Shockwave19.png in Resources */ = {isa = PBXBuildFile; fileRef = 818BE5D71B1DACE100F44D7E /* Shockwave19.png */; };
		818BE63C1B1DACE100F44D7E /* Shockwave20.png in Resources */ = {isa = PBXBuildFile; fileRef = 818BE5D81B1DACE100F44D7E /* Shockwave20.png */; };
		818BE63D1B1DACE100F44D7E /* Shockwave21.png in Resources */ = {isa = PBXBuildFile; fileRef = 818BE5D91B1DACE100F44D7E /* Shockwave21.png */; };
		818BE63E1B1DACE100F44D7E /* Shockwave22.png in Resources */ = {isa = PBXBuildFile; fileRef = 818BE5DA1B1DACE100F44D7E /* Shockwave22.png */; };
		818BE63F1B1DACE100F44D7E /* Shockwave23.png in Resources */ = {isa = PBXBuildFile; fileRef = 818BE5DB1B1DACE100F44D7E /* Shockwave23.png */; };
		818BE6401B1DACE100F44D7E /* Shockwave24.png in Resources */ = {isa = PBXBuildFile; fileRef = 818BE5DC1B1DACE100F44D7E /* Shockwave24.png */; };
		818BE6411B1DACE100F44D7E /* Shockwave25.png in Resources */ = {isa = PBXBuildFile; fileRef = 818BE5DD1B1DACE100F44D7E /* Shockwave25.png */; };
		818BE68E1B1DB2D000F44D7E /* Boom.plist in Resources */ = {isa = PBXBuildFile; fileRef = 818BE68D1B1DB2D000F44D7E /* Boom.plist */; };
		818BE6901B1DB60E00F44D7E /* Square.plist in Resources */ = {isa = PBXBuildFile; fileRef = 818BE68F1B1DB60E00F44D7E /* Square.plist */; };
		818BE6921B1DB7D600F44D7E /* Background.plist in Resources */ = {isa = PBXBuildFile; fileRef = 818BE6911B1DB7D600F44D7E /* Background.plist */; };
		81BE3AF41B1F637E0016364D /* BattleLayer.cpp in Sources */ = {isa = PBXBuildFile; fileRef = 81BE3AEE1B1F637E0016364D /* BattleLayer.cpp */; };
		81BE3AF51B1F637E0016364D /* BattleScene.cpp in Sources */ = {isa = PBXBuildFile; fileRef = 81BE3AF01B1F637E0016364D /* BattleScene.cpp */; };
		81BE3AF61B1F637E0016364D /* PlayerBullet.cpp in Sources */ = {isa = PBXBuildFile; fileRef = 81BE3AF21B1F637E0016364D /* PlayerBullet.cpp */; };
		81BE3AF81B1F63CE0016364D /* BaseBullet.cpp in Sources */ = {isa = PBXBuildFile; fileRef = 81BE3AF71B1F63CE0016364D /* BaseBullet.cpp */; };
		8262943E1AAF051F00CB7CF7 /* Security.framework in Frameworks */ = {isa = PBXBuildFile; fileRef = 8262943D1AAF051F00CB7CF7 /* Security.framework */; };
		9F8B4F24824617F9A0E5789A /* libcocos2d Mac.a in Frameworks */ = {isa = PBXBuildFile; fileRef = 62FC4D32A80EFB11E0A6CF2A /* libcocos2d Mac.a */; };
		BF171245129291EC00B8313A /* OpenGLES.framework in Frameworks */ = {isa = PBXBuildFile; fileRef = BF170DB012928DE900B8313A /* OpenGLES.framework */; };
		BF1712471292920000B8313A /* libz.dylib in Frameworks */ = {isa = PBXBuildFile; fileRef = BF170DB412928DE900B8313A /* libz.dylib */; };
		BF1C47F01293687400B63C5D /* QuartzCore.framework in Frameworks */ = {isa = PBXBuildFile; fileRef = BF1C47EA1293683800B63C5D /* QuartzCore.framework */; };
		D44C620C132DFF330009C878 /* OpenAL.framework in Frameworks */ = {isa = PBXBuildFile; fileRef = D44C620B132DFF330009C878 /* OpenAL.framework */; };
		D44C620E132DFF430009C878 /* AVFoundation.framework in Frameworks */ = {isa = PBXBuildFile; fileRef = D44C620D132DFF430009C878 /* AVFoundation.framework */; };
		D44C6210132DFF4E0009C878 /* AudioToolbox.framework in Frameworks */ = {isa = PBXBuildFile; fileRef = D44C620F132DFF4E0009C878 /* AudioToolbox.framework */; };
		D6B0611B1803AB670077942B /* CoreMotion.framework in Frameworks */ = {isa = PBXBuildFile; fileRef = D6B0611A1803AB670077942B /* CoreMotion.framework */; };
/* End PBXBuildFile section */

/* Begin PBXFileReference section */
		1ACB3243164770DE00914215 /* libcurl.a */ = {isa = PBXFileReference; lastKnownFileType = archive.ar; name = libcurl.a; path = ../../cocos2dx/platform/third_party/ios/libraries/libcurl.a; sourceTree = "<group>"; };
		1D30AB110D05D00D00671497 /* Foundation.framework */ = {isa = PBXFileReference; lastKnownFileType = wrapper.framework; name = Foundation.framework; path = System/Library/Frameworks/Foundation.framework; sourceTree = SDKROOT; };
		1D6058910D05DD3D006BFB54 /* Interference iOS.app */ = {isa = PBXFileReference; explicitFileType = wrapper.application; includeInIndex = 0; path = "Interference iOS.app"; sourceTree = BUILT_PRODUCTS_DIR; };
		1DF5F4DF0D08C38300B7A737 /* UIKit.framework */ = {isa = PBXFileReference; lastKnownFileType = wrapper.framework; name = UIKit.framework; path = System/Library/Frameworks/UIKit.framework; sourceTree = SDKROOT; };
		288765A40DF7441C002DB57D /* CoreGraphics.framework */ = {isa = PBXFileReference; lastKnownFileType = wrapper.framework; name = CoreGraphics.framework; path = System/Library/Frameworks/CoreGraphics.framework; sourceTree = SDKROOT; };
		46880B8419C43A87006E1F66 /* AppDelegate.cpp */ = {isa = PBXFileReference; fileEncoding = 4; lastKnownFileType = sourcecode.cpp.cpp; path = AppDelegate.cpp; sourceTree = "<group>"; };
		46880B8519C43A87006E1F66 /* AppDelegate.h */ = {isa = PBXFileReference; fileEncoding = 4; lastKnownFileType = sourcecode.c.h; path = AppDelegate.h; sourceTree = "<group>"; };
		46880B8619C43A87006E1F66 /* HelloWorldScene.cpp */ = {isa = PBXFileReference; fileEncoding = 4; lastKnownFileType = sourcecode.cpp.cpp; path = HelloWorldScene.cpp; sourceTree = "<group>"; };
		46880B8719C43A87006E1F66 /* HelloWorldScene.h */ = {isa = PBXFileReference; fileEncoding = 4; lastKnownFileType = sourcecode.c.h; path = HelloWorldScene.h; sourceTree = "<group>"; };
		503AE0F617EB97AB00D1A890 /* Icon.icns */ = {isa = PBXFileReference; lastKnownFileType = image.icns; path = Icon.icns; sourceTree = "<group>"; };
		503AE0F717EB97AB00D1A890 /* Info.plist */ = {isa = PBXFileReference; fileEncoding = 4; lastKnownFileType = text.plist.xml; path = Info.plist; sourceTree = "<group>"; };
		503AE0FA17EB989F00D1A890 /* AppController.h */ = {isa = PBXFileReference; fileEncoding = 4; lastKnownFileType = sourcecode.c.h; name = AppController.h; path = ios/AppController.h; sourceTree = SOURCE_ROOT; };
		503AE0FB17EB989F00D1A890 /* AppController.mm */ = {isa = PBXFileReference; fileEncoding = 4; lastKnownFileType = sourcecode.cpp.objcpp; name = AppController.mm; path = ios/AppController.mm; sourceTree = SOURCE_ROOT; };
		503AE0FC17EB989F00D1A890 /* main.m */ = {isa = PBXFileReference; fileEncoding = 4; lastKnownFileType = sourcecode.c.objc; name = main.m; path = ios/main.m; sourceTree = SOURCE_ROOT; };
		503AE0FD17EB989F00D1A890 /* Prefix.pch */ = {isa = PBXFileReference; fileEncoding = 4; lastKnownFileType = sourcecode.c.h; name = Prefix.pch; path = ios/Prefix.pch; sourceTree = SOURCE_ROOT; };
		503AE0FE17EB989F00D1A890 /* RootViewController.h */ = {isa = PBXFileReference; fileEncoding = 4; lastKnownFileType = sourcecode.c.h; name = RootViewController.h; path = ios/RootViewController.h; sourceTree = SOURCE_ROOT; };
		503AE0FF17EB989F00D1A890 /* RootViewController.mm */ = {isa = PBXFileReference; fileEncoding = 4; lastKnownFileType = sourcecode.cpp.objcpp; name = RootViewController.mm; path = ios/RootViewController.mm; sourceTree = SOURCE_ROOT; };
		503AE10317EB98FF00D1A890 /* main.cpp */ = {isa = PBXFileReference; fileEncoding = 4; lastKnownFileType = sourcecode.cpp.cpp; name = main.cpp; path = mac/main.cpp; sourceTree = "<group>"; };
		503AE10417EB98FF00D1A890 /* Prefix.pch */ = {isa = PBXFileReference; fileEncoding = 4; lastKnownFileType = sourcecode.c.h; name = Prefix.pch; path = mac/Prefix.pch; sourceTree = "<group>"; };
		503AE11117EB99EE00D1A890 /* libcurl.dylib */ = {isa = PBXFileReference; lastKnownFileType = "compiled.mach-o.dylib"; name = libcurl.dylib; path = usr/lib/libcurl.dylib; sourceTree = SDKROOT; };
		503AE11A17EB9C5A00D1A890 /* IOKit.framework */ = {isa = PBXFileReference; lastKnownFileType = wrapper.framework; name = IOKit.framework; path = System/Library/Frameworks/IOKit.framework; sourceTree = SDKROOT; };
		5087E76F17EB910900C73F5D /* Interference Mac.app */ = {isa = PBXFileReference; explicitFileType = wrapper.application; includeInIndex = 0; path = "Interference Mac.app"; sourceTree = BUILT_PRODUCTS_DIR; };
		5087E77217EB970100C73F5D /* Default-568h@2x.png */ = {isa = PBXFileReference; lastKnownFileType = image.png; path = "Default-568h@2x.png"; sourceTree = "<group>"; };
		5087E77317EB970100C73F5D /* Default.png */ = {isa = PBXFileReference; lastKnownFileType = image.png; path = Default.png; sourceTree = "<group>"; };
		5087E77417EB970100C73F5D /* Default@2x.png */ = {isa = PBXFileReference; lastKnownFileType = image.png; path = "Default@2x.png"; sourceTree = "<group>"; };
		5087E77517EB970100C73F5D /* Icon-114.png */ = {isa = PBXFileReference; lastKnownFileType = image.png; path = "Icon-114.png"; sourceTree = "<group>"; };
		5087E77617EB970100C73F5D /* Icon-120.png */ = {isa = PBXFileReference; lastKnownFileType = image.png; path = "Icon-120.png"; sourceTree = "<group>"; };
		5087E77717EB970100C73F5D /* Icon-144.png */ = {isa = PBXFileReference; lastKnownFileType = image.png; path = "Icon-144.png"; sourceTree = "<group>"; };
		5087E77817EB970100C73F5D /* Icon-152.png */ = {isa = PBXFileReference; lastKnownFileType = image.png; path = "Icon-152.png"; sourceTree = "<group>"; };
		5087E77917EB970100C73F5D /* Icon-57.png */ = {isa = PBXFileReference; lastKnownFileType = image.png; path = "Icon-57.png"; sourceTree = "<group>"; };
		5087E77A17EB970100C73F5D /* Icon-72.png */ = {isa = PBXFileReference; lastKnownFileType = image.png; path = "Icon-72.png"; sourceTree = "<group>"; };
		5087E77B17EB970100C73F5D /* Icon-76.png */ = {isa = PBXFileReference; lastKnownFileType = image.png; path = "Icon-76.png"; sourceTree = "<group>"; };
		5087E77C17EB970100C73F5D /* Info.plist */ = {isa = PBXFileReference; fileEncoding = 4; lastKnownFileType = text.plist.xml; path = Info.plist; sourceTree = "<group>"; };
		5087E78817EB974C00C73F5D /* AppKit.framework */ = {isa = PBXFileReference; lastKnownFileType = wrapper.framework; name = AppKit.framework; path = System/Library/Frameworks/AppKit.framework; sourceTree = SDKROOT; };
		5087E78A17EB975400C73F5D /* OpenGL.framework */ = {isa = PBXFileReference; lastKnownFileType = wrapper.framework; name = OpenGL.framework; path = System/Library/Frameworks/OpenGL.framework; sourceTree = SDKROOT; };
		50EF629217ECD46A001EB2F8 /* Icon-40.png */ = {isa = PBXFileReference; lastKnownFileType = image.png; path = "Icon-40.png"; sourceTree = "<group>"; };
		50EF629317ECD46A001EB2F8 /* Icon-58.png */ = {isa = PBXFileReference; lastKnownFileType = image.png; path = "Icon-58.png"; sourceTree = "<group>"; };
		50EF629417ECD46A001EB2F8 /* Icon-80.png */ = {isa = PBXFileReference; lastKnownFileType = image.png; path = "Icon-80.png"; sourceTree = "<group>"; };
		50EF629517ECD46A001EB2F8 /* Icon-100.png */ = {isa = PBXFileReference; lastKnownFileType = image.png; path = "Icon-100.png"; sourceTree = "<group>"; };
		50EF62A017ECD613001EB2F8 /* Icon-29.png */ = {isa = PBXFileReference; lastKnownFileType = image.png; path = "Icon-29.png"; sourceTree = "<group>"; };
		50EF62A117ECD613001EB2F8 /* Icon-50.png */ = {isa = PBXFileReference; lastKnownFileType = image.png; path = "Icon-50.png"; sourceTree = "<group>"; };
		521A8E6219F0C34300D177D7 /* Default-667h@2x.png */ = {isa = PBXFileReference; lastKnownFileType = image.png; path = "Default-667h@2x.png"; sourceTree = "<group>"; };
		521A8E6319F0C34300D177D7 /* Default-736h@3x.png */ = {isa = PBXFileReference; lastKnownFileType = image.png; path = "Default-736h@3x.png"; sourceTree = "<group>"; };
		52B47A461A53D09B004E4C60 /* Security.framework */ = {isa = PBXFileReference; lastKnownFileType = wrapper.framework; name = Security.framework; path = Platforms/iPhoneOS.platform/Developer/SDKs/iPhoneOS8.1.sdk/System/Library/Frameworks/Security.framework; sourceTree = DEVELOPER_DIR; };
		62FC4D32A80EFB11E0A6CF2A /* libcocos2d Mac.a */ = {isa = PBXFileReference; lastKnownFileType = archive.ar; name = "libcocos2d Mac.a"; path = "/Applications/Cocos/frameworks/cocos2d-x-3.6/prebuilt/mac/libcocos2d Mac.a"; sourceTree = "<absolute>"; };
		811A67841B2001B2001CD8D2 /* Tail.plist */ = {isa = PBXFileReference; fileEncoding = 4; lastKnownFileType = text.plist.xml; path = Tail.plist; sourceTree = "<group>"; };
		814C57DF1B213E3700A259C4 /* Birth_1.plist */ = {isa = PBXFileReference; fileEncoding = 4; lastKnownFileType = text.plist.xml; path = Birth_1.plist; sourceTree = "<group>"; };
		814C57E01B213E3700A259C4 /* Birth_2.plist */ = {isa = PBXFileReference; fileEncoding = 4; lastKnownFileType = text.plist.xml; path = Birth_2.plist; sourceTree = "<group>"; };
		814C57E11B213E3700A259C4 /* Death.plist */ = {isa = PBXFileReference; fileEncoding = 4; lastKnownFileType = text.plist.xml; path = Death.plist; sourceTree = "<group>"; };
		818BE4871B1C850D00F44D7E /* BaseCamera.cpp */ = {isa = PBXFileReference; fileEncoding = 4; lastKnownFileType = sourcecode.cpp.cpp; path = BaseCamera.cpp; sourceTree = "<group>"; };
		818BE4881B1C850D00F44D7E /* BaseCamera.h */ = {isa = PBXFileReference; fileEncoding = 4; lastKnownFileType = sourcecode.c.h; path = BaseCamera.h; sourceTree = "<group>"; };
		818BE4891B1C850D00F44D7E /* BaseObject.cpp */ = {isa = PBXFileReference; fileEncoding = 4; lastKnownFileType = sourcecode.cpp.cpp; path = BaseObject.cpp; sourceTree = "<group>"; };
		818BE48A1B1C850D00F44D7E /* BaseObject.h */ = {isa = PBXFileReference; fileEncoding = 4; lastKnownFileType = sourcecode.c.h; path = BaseObject.h; sourceTree = "<group>"; };
		818BE48B1B1C850D00F44D7E /* BasePlane.cpp */ = {isa = PBXFileReference; fileEncoding = 4; lastKnownFileType = sourcecode.cpp.cpp; path = BasePlane.cpp; sourceTree = "<group>"; };
		818BE48C1B1C850D00F44D7E /* BasePlane.h */ = {isa = PBXFileReference; fileEncoding = 4; lastKnownFileType = sourcecode.c.h; path = BasePlane.h; sourceTree = "<group>"; };
		818BE48D1B1C850D00F44D7E /* BasePlayer.cpp */ = {isa = PBXFileReference; fileEncoding = 4; lastKnownFileType = sourcecode.cpp.cpp; path = BasePlayer.cpp; sourceTree = "<group>"; };
		818BE48E1B1C850D00F44D7E /* BasePlayer.h */ = {isa = PBXFileReference; fileEncoding = 4; lastKnownFileType = sourcecode.c.h; path = BasePlayer.h; sourceTree = "<group>"; };
		818BE48F1B1C850D00F44D7E /* BaseTraced.cpp */ = {isa = PBXFileReference; fileEncoding = 4; lastKnownFileType = sourcecode.cpp.cpp; path = BaseTraced.cpp; sourceTree = "<group>"; };
		818BE4901B1C850D00F44D7E /* BaseTraced.h */ = {isa = PBXFileReference; fileEncoding = 4; lastKnownFileType = sourcecode.c.h; path = BaseTraced.h; sourceTree = "<group>"; };
		818BE4911B1C850D00F44D7E /* BulletLayer.cpp */ = {isa = PBXFileReference; fileEncoding = 4; lastKnownFileType = sourcecode.cpp.cpp; path = BulletLayer.cpp; sourceTree = "<group>"; };
		818BE4921B1C850D00F44D7E /* BulletLayer.h */ = {isa = PBXFileReference; fileEncoding = 4; lastKnownFileType = sourcecode.c.h; path = BulletLayer.h; sourceTree = "<group>"; };
		818BE4931B1C850D00F44D7E /* BulletUserData.cpp */ = {isa = PBXFileReference; fileEncoding = 4; lastKnownFileType = sourcecode.cpp.cpp; path = BulletUserData.cpp; sourceTree = "<group>"; };
		818BE4941B1C850D00F44D7E /* BulletUserData.h */ = {isa = PBXFileReference; fileEncoding = 4; lastKnownFileType = sourcecode.c.h; path = BulletUserData.h; sourceTree = "<group>"; };
		818BE4951B1C850D00F44D7E /* CameraNode.cpp */ = {isa = PBXFileReference; fileEncoding = 4; lastKnownFileType = sourcecode.cpp.cpp; path = CameraNode.cpp; sourceTree = "<group>"; };
		818BE4961B1C850D00F44D7E /* CameraNode.h */ = {isa = PBXFileReference; fileEncoding = 4; lastKnownFileType = sourcecode.c.h; path = CameraNode.h; sourceTree = "<group>"; };
		818BE4971B1C850D00F44D7E /* ConfigUtil.cpp */ = {isa = PBXFileReference; fileEncoding = 4; lastKnownFileType = sourcecode.cpp.cpp; path = ConfigUtil.cpp; sourceTree = "<group>"; };
		818BE4981B1C850D00F44D7E /* ConfigUtil.h */ = {isa = PBXFileReference; fileEncoding = 4; lastKnownFileType = sourcecode.c.h; path = ConfigUtil.h; sourceTree = "<group>"; };
		818BE4991B1C850D00F44D7E /* Controller.cpp */ = {isa = PBXFileReference; fileEncoding = 4; lastKnownFileType = sourcecode.cpp.cpp; path = Controller.cpp; sourceTree = "<group>"; };
		818BE49A1B1C850D00F44D7E /* Controller.h */ = {isa = PBXFileReference; fileEncoding = 4; lastKnownFileType = sourcecode.c.h; path = Controller.h; sourceTree = "<group>"; };
		818BE49B1B1C850D00F44D7E /* EnemyBulletLayer.cpp */ = {isa = PBXFileReference; fileEncoding = 4; lastKnownFileType = sourcecode.cpp.cpp; path = EnemyBulletLayer.cpp; sourceTree = "<group>"; };
		818BE49C1B1C850D00F44D7E /* EnemyBulletLayer.h */ = {isa = PBXFileReference; fileEncoding = 4; lastKnownFileType = sourcecode.c.h; path = EnemyBulletLayer.h; sourceTree = "<group>"; };
		818BE49D1B1C850D00F44D7E /* EnemyLayer.cpp */ = {isa = PBXFileReference; fileEncoding = 4; lastKnownFileType = sourcecode.cpp.cpp; path = EnemyLayer.cpp; sourceTree = "<group>"; };
		818BE49E1B1C850D00F44D7E /* EnemyLayer.h */ = {isa = PBXFileReference; fileEncoding = 4; lastKnownFileType = sourcecode.c.h; path = EnemyLayer.h; sourceTree = "<group>"; };
		818BE49F1B1C850D00F44D7E /* EnemyUserData.cpp */ = {isa = PBXFileReference; fileEncoding = 4; lastKnownFileType = sourcecode.cpp.cpp; path = EnemyUserData.cpp; sourceTree = "<group>"; };
		818BE4A01B1C850D00F44D7E /* EnemyUserData.h */ = {isa = PBXFileReference; fileEncoding = 4; lastKnownFileType = sourcecode.c.h; path = EnemyUserData.h; sourceTree = "<group>"; };
		818BE4A11B1C850D00F44D7E /* GameBackgroundLayer.cpp */ = {isa = PBXFileReference; fileEncoding = 4; lastKnownFileType = sourcecode.cpp.cpp; path = GameBackgroundLayer.cpp; sourceTree = "<group>"; };
		818BE4A21B1C850D00F44D7E /* GameBackgroundLayer.h */ = {isa = PBXFileReference; fileEncoding = 4; lastKnownFileType = sourcecode.c.h; path = GameBackgroundLayer.h; sourceTree = "<group>"; };
		818BE4A71B1C850D00F44D7E /* PlayerLayer.cpp */ = {isa = PBXFileReference; fileEncoding = 4; lastKnownFileType = sourcecode.cpp.cpp; path = PlayerLayer.cpp; sourceTree = "<group>"; };
		818BE4A81B1C850D00F44D7E /* PlayerLayer.h */ = {isa = PBXFileReference; fileEncoding = 4; lastKnownFileType = sourcecode.c.h; path = PlayerLayer.h; sourceTree = "<group>"; };
		818BE4A91B1C850D00F44D7E /* PlayerPlane.cpp */ = {isa = PBXFileReference; fileEncoding = 4; lastKnownFileType = sourcecode.cpp.cpp; path = PlayerPlane.cpp; sourceTree = "<group>"; };
		818BE4AA1B1C850D00F44D7E /* PlayerPlane.h */ = {isa = PBXFileReference; fileEncoding = 4; lastKnownFileType = sourcecode.c.h; path = PlayerPlane.h; sourceTree = "<group>"; };
		818BE4AB1B1C850D00F44D7E /* PlayerUserData.cpp */ = {isa = PBXFileReference; fileEncoding = 4; lastKnownFileType = sourcecode.cpp.cpp; path = PlayerUserData.cpp; sourceTree = "<group>"; };
		818BE4AC1B1C850D00F44D7E /* PlayerUserData.h */ = {isa = PBXFileReference; fileEncoding = 4; lastKnownFileType = sourcecode.c.h; path = PlayerUserData.h; sourceTree = "<group>"; };
		818BE4AD1B1C850D00F44D7E /* UILayer.cpp */ = {isa = PBXFileReference; fileEncoding = 4; lastKnownFileType = sourcecode.cpp.cpp; path = UILayer.cpp; sourceTree = "<group>"; };
		818BE4AE1B1C850D00F44D7E /* UILayer.h */ = {isa = PBXFileReference; fileEncoding = 4; lastKnownFileType = sourcecode.c.h; path = UILayer.h; sourceTree = "<group>"; };
		818BE4C61B1D468700F44D7E /* AnimationUtil.h */ = {isa = PBXFileReference; fileEncoding = 4; lastKnownFileType = sourcecode.c.h; path = AnimationUtil.h; sourceTree = "<group>"; };
		818BE4C71B1D485000F44D7E /* AnimationUtil.cpp */ = {isa = PBXFileReference; fileEncoding = 4; lastKnownFileType = sourcecode.cpp.cpp; path = AnimationUtil.cpp; sourceTree = "<group>"; };
		818BE5C51B1DACE100F44D7E /* Shockwave1.png */ = {isa = PBXFileReference; lastKnownFileType = image.png; name = Shockwave1.png; path = Shockwave/Shockwave1.png; sourceTree = "<group>"; };
		818BE5C61B1DACE100F44D7E /* Shockwave2.png */ = {isa = PBXFileReference; lastKnownFileType = image.png; name = Shockwave2.png; path = Shockwave/Shockwave2.png; sourceTree = "<group>"; };
		818BE5C71B1DACE100F44D7E /* Shockwave3.png */ = {isa = PBXFileReference; lastKnownFileType = image.png; name = Shockwave3.png; path = Shockwave/Shockwave3.png; sourceTree = "<group>"; };
		818BE5C81B1DACE100F44D7E /* Shockwave4.png */ = {isa = PBXFileReference; lastKnownFileType = image.png; name = Shockwave4.png; path = Shockwave/Shockwave4.png; sourceTree = "<group>"; };
		818BE5C91B1DACE100F44D7E /* Shockwave5.png */ = {isa = PBXFileReference; lastKnownFileType = image.png; name = Shockwave5.png; path = Shockwave/Shockwave5.png; sourceTree = "<group>"; };
		818BE5CA1B1DACE100F44D7E /* Shockwave6.png */ = {isa = PBXFileReference; lastKnownFileType = image.png; name = Shockwave6.png; path = Shockwave/Shockwave6.png; sourceTree = "<group>"; };
		818BE5CB1B1DACE100F44D7E /* Shockwave7.png */ = {isa = PBXFileReference; lastKnownFileType = image.png; name = Shockwave7.png; path = Shockwave/Shockwave7.png; sourceTree = "<group>"; };
		818BE5CC1B1DACE100F44D7E /* Shockwave8.png */ = {isa = PBXFileReference; lastKnownFileType = image.png; name = Shockwave8.png; path = Shockwave/Shockwave8.png; sourceTree = "<group>"; };
		818BE5CD1B1DACE100F44D7E /* Shockwave9.png */ = {isa = PBXFileReference; lastKnownFileType = image.png; name = Shockwave9.png; path = Shockwave/Shockwave9.png; sourceTree = "<group>"; };
		818BE5CE1B1DACE100F44D7E /* Shockwave10.png */ = {isa = PBXFileReference; lastKnownFileType = image.png; name = Shockwave10.png; path = Shockwave/Shockwave10.png; sourceTree = "<group>"; };
		818BE5CF1B1DACE100F44D7E /* Shockwave11.png */ = {isa = PBXFileReference; lastKnownFileType = image.png; name = Shockwave11.png; path = Shockwave/Shockwave11.png; sourceTree = "<group>"; };
		818BE5D01B1DACE100F44D7E /* Shockwave12.png */ = {isa = PBXFileReference; lastKnownFileType = image.png; name = Shockwave12.png; path = Shockwave/Shockwave12.png; sourceTree = "<group>"; };
		818BE5D11B1DACE100F44D7E /* Shockwave13.png */ = {isa = PBXFileReference; lastKnownFileType = image.png; name = Shockwave13.png; path = Shockwave/Shockwave13.png; sourceTree = "<group>"; };
		818BE5D21B1DACE100F44D7E /* Shockwave14.png */ = {isa = PBXFileReference; lastKnownFileType = image.png; name = Shockwave14.png; path = Shockwave/Shockwave14.png; sourceTree = "<group>"; };
		818BE5D31B1DACE100F44D7E /* Shockwave15.png */ = {isa = PBXFileReference; lastKnownFileType = image.png; name = Shockwave15.png; path = Shockwave/Shockwave15.png; sourceTree = "<group>"; };
		818BE5D41B1DACE100F44D7E /* Shockwave16.png */ = {isa = PBXFileReference; lastKnownFileType = image.png; name = Shockwave16.png; path = Shockwave/Shockwave16.png; sourceTree = "<group>"; };
		818BE5D51B1DACE100F44D7E /* Shockwave17.png */ = {isa = PBXFileReference; lastKnownFileType = image.png; name = Shockwave17.png; path = Shockwave/Shockwave17.png; sourceTree = "<group>"; };
		818BE5D61B1DACE100F44D7E /* Shockwave18.png */ = {isa = PBXFileReference; lastKnownFileType = image.png; name = Shockwave18.png; path = Shockwave/Shockwave18.png; sourceTree = "<group>"; };
		818BE5D71B1DACE100F44D7E /* Shockwave19.png */ = {isa = PBXFileReference; lastKnownFileType = image.png; name = Shockwave19.png; path = Shockwave/Shockwave19.png; sourceTree = "<group>"; };
		818BE5D81B1DACE100F44D7E /* Shockwave20.png */ = {isa = PBXFileReference; lastKnownFileType = image.png; name = Shockwave20.png; path = Shockwave/Shockwave20.png; sourceTree = "<group>"; };
		818BE5D91B1DACE100F44D7E /* Shockwave21.png */ = {isa = PBXFileReference; lastKnownFileType = image.png; name = Shockwave21.png; path = Shockwave/Shockwave21.png; sourceTree = "<group>"; };
		818BE5DA1B1DACE100F44D7E /* Shockwave22.png */ = {isa = PBXFileReference; lastKnownFileType = image.png; name = Shockwave22.png; path = Shockwave/Shockwave22.png; sourceTree = "<group>"; };
		818BE5DB1B1DACE100F44D7E /* Shockwave23.png */ = {isa = PBXFileReference; lastKnownFileType = image.png; name = Shockwave23.png; path = Shockwave/Shockwave23.png; sourceTree = "<group>"; };
		818BE5DC1B1DACE100F44D7E /* Shockwave24.png */ = {isa = PBXFileReference; lastKnownFileType = image.png; name = Shockwave24.png; path = Shockwave/Shockwave24.png; sourceTree = "<group>"; };
		818BE5DD1B1DACE100F44D7E /* Shockwave25.png */ = {isa = PBXFileReference; lastKnownFileType = image.png; name = Shockwave25.png; path = Shockwave/Shockwave25.png; sourceTree = "<group>"; };
		818BE68D1B1DB2D000F44D7E /* Boom.plist */ = {isa = PBXFileReference; fileEncoding = 4; lastKnownFileType = text.plist.xml; path = Boom.plist; sourceTree = "<group>"; };
		818BE68F1B1DB60E00F44D7E /* Square.plist */ = {isa = PBXFileReference; fileEncoding = 4; lastKnownFileType = text.plist.xml; path = Square.plist; sourceTree = "<group>"; };
		818BE6911B1DB7D600F44D7E /* Background.plist */ = {isa = PBXFileReference; fileEncoding = 4; lastKnownFileType = text.plist.xml; path = Background.plist; sourceTree = "<group>"; };
		81BE3AED1B1F637E0016364D /* BaseBullet.h */ = {isa = PBXFileReference; fileEncoding = 4; lastKnownFileType = sourcecode.c.h; path = BaseBullet.h; sourceTree = "<group>"; };
		81BE3AEE1B1F637E0016364D /* BattleLayer.cpp */ = {isa = PBXFileReference; fileEncoding = 4; lastKnownFileType = sourcecode.cpp.cpp; path = BattleLayer.cpp; sourceTree = "<group>"; };
		81BE3AEF1B1F637E0016364D /* BattleLayer.h */ = {isa = PBXFileReference; fileEncoding = 4; lastKnownFileType = sourcecode.c.h; path = BattleLayer.h; sourceTree = "<group>"; };
		81BE3AF01B1F637E0016364D /* BattleScene.cpp */ = {isa = PBXFileReference; fileEncoding = 4; lastKnownFileType = sourcecode.cpp.cpp; path = BattleScene.cpp; sourceTree = "<group>"; };
		81BE3AF11B1F637E0016364D /* BattleScene.h */ = {isa = PBXFileReference; fileEncoding = 4; lastKnownFileType = sourcecode.c.h; path = BattleScene.h; sourceTree = "<group>"; };
		81BE3AF21B1F637E0016364D /* PlayerBullet.cpp */ = {isa = PBXFileReference; fileEncoding = 4; lastKnownFileType = sourcecode.cpp.cpp; path = PlayerBullet.cpp; sourceTree = "<group>"; };
		81BE3AF31B1F637E0016364D /* PlayerBullet.h */ = {isa = PBXFileReference; fileEncoding = 4; lastKnownFileType = sourcecode.c.h; path = PlayerBullet.h; sourceTree = "<group>"; };
		81BE3AF71B1F63CE0016364D /* BaseBullet.cpp */ = {isa = PBXFileReference; fileEncoding = 4; lastKnownFileType = sourcecode.cpp.cpp; path = BaseBullet.cpp; sourceTree = "<group>"; };
		8262943D1AAF051F00CB7CF7 /* Security.framework */ = {isa = PBXFileReference; lastKnownFileType = wrapper.framework; name = Security.framework; path = System/Library/Frameworks/Security.framework; sourceTree = SDKROOT; };
		BF170DB012928DE900B8313A /* OpenGLES.framework */ = {isa = PBXFileReference; lastKnownFileType = wrapper.framework; name = OpenGLES.framework; path = System/Library/Frameworks/OpenGLES.framework; sourceTree = SDKROOT; };
		BF170DB412928DE900B8313A /* libz.dylib */ = {isa = PBXFileReference; lastKnownFileType = "compiled.mach-o.dylib"; name = libz.dylib; path = usr/lib/libz.dylib; sourceTree = SDKROOT; };
		BF1C47EA1293683800B63C5D /* QuartzCore.framework */ = {isa = PBXFileReference; lastKnownFileType = wrapper.framework; name = QuartzCore.framework; path = System/Library/Frameworks/QuartzCore.framework; sourceTree = SDKROOT; };
		D44C620B132DFF330009C878 /* OpenAL.framework */ = {isa = PBXFileReference; lastKnownFileType = wrapper.framework; name = OpenAL.framework; path = System/Library/Frameworks/OpenAL.framework; sourceTree = SDKROOT; };
		D44C620D132DFF430009C878 /* AVFoundation.framework */ = {isa = PBXFileReference; lastKnownFileType = wrapper.framework; name = AVFoundation.framework; path = System/Library/Frameworks/AVFoundation.framework; sourceTree = SDKROOT; };
		D44C620F132DFF4E0009C878 /* AudioToolbox.framework */ = {isa = PBXFileReference; lastKnownFileType = wrapper.framework; name = AudioToolbox.framework; path = System/Library/Frameworks/AudioToolbox.framework; sourceTree = SDKROOT; };
		D6B0611A1803AB670077942B /* CoreMotion.framework */ = {isa = PBXFileReference; lastKnownFileType = wrapper.framework; name = CoreMotion.framework; path = Platforms/iPhoneOS.platform/Developer/SDKs/iPhoneOS7.0.sdk/System/Library/Frameworks/CoreMotion.framework; sourceTree = DEVELOPER_DIR; };
		FA144D09A52357282113E0F8 /* res */ = {isa = PBXFileReference; lastKnownFileType = "?"; name = res; path = ../Resources/res; sourceTree = "<group>"; };
		FE4A434CB0497EB05B450757 /* libcocos2d iOS.a */ = {isa = PBXFileReference; lastKnownFileType = archive.ar; name = "libcocos2d iOS.a"; path = "/Applications/Cocos/frameworks/cocos2d-x-3.6/prebuilt/ios/libcocos2d iOS.a"; sourceTree = "<absolute>"; };
/* End PBXFileReference section */

/* Begin PBXFrameworksBuildPhase section */
		1D60588F0D05DD3D006BFB54 /* Frameworks */ = {
			isa = PBXFrameworksBuildPhase;
			buildActionMask = 2147483647;
			files = (
				52B47A471A53D09C004E4C60 /* Security.framework in Frameworks */,
				D6B0611B1803AB670077942B /* CoreMotion.framework in Frameworks */,
				1D60589F0D05DD5A006BFB54 /* Foundation.framework in Frameworks */,
				1DF5F4E00D08C38300B7A737 /* UIKit.framework in Frameworks */,
				288765A50DF7441C002DB57D /* CoreGraphics.framework in Frameworks */,
				BF171245129291EC00B8313A /* OpenGLES.framework in Frameworks */,
				BF1712471292920000B8313A /* libz.dylib in Frameworks */,
				BF1C47F01293687400B63C5D /* QuartzCore.framework in Frameworks */,
				D44C620C132DFF330009C878 /* OpenAL.framework in Frameworks */,
				D44C620E132DFF430009C878 /* AVFoundation.framework in Frameworks */,
				D44C6210132DFF4E0009C878 /* AudioToolbox.framework in Frameworks */,
				68DF4CD48FF618773F3C8241 /* libcocos2d iOS.a in Frameworks */,
			);
			runOnlyForDeploymentPostprocessing = 0;
		};
		5087E75C17EB910900C73F5D /* Frameworks */ = {
			isa = PBXFrameworksBuildPhase;
			buildActionMask = 2147483647;
			files = (
				5087E76717EB910900C73F5D /* libz.dylib in Frameworks */,
				8262943E1AAF051F00CB7CF7 /* Security.framework in Frameworks */,
				503AE11B17EB9C5A00D1A890 /* IOKit.framework in Frameworks */,
				5087E78B17EB975400C73F5D /* OpenGL.framework in Frameworks */,
				5087E78917EB974C00C73F5D /* AppKit.framework in Frameworks */,
				5087E76317EB910900C73F5D /* Foundation.framework in Frameworks */,
				5087E76817EB910900C73F5D /* QuartzCore.framework in Frameworks */,
				5087E76917EB910900C73F5D /* OpenAL.framework in Frameworks */,
				5087E76A17EB910900C73F5D /* AVFoundation.framework in Frameworks */,
				5087E76B17EB910900C73F5D /* AudioToolbox.framework in Frameworks */,
				9F8B4F24824617F9A0E5789A /* libcocos2d Mac.a in Frameworks */,
			);
			runOnlyForDeploymentPostprocessing = 0;
		};
/* End PBXFrameworksBuildPhase section */

/* Begin PBXGroup section */
		080E96DDFE201D6D7F000001 /* ios */ = {
			isa = PBXGroup;
			children = (
				5087E77117EB970100C73F5D /* Icons */,
				503AE0FA17EB989F00D1A890 /* AppController.h */,
				503AE0FB17EB989F00D1A890 /* AppController.mm */,
				503AE0FC17EB989F00D1A890 /* main.m */,
				503AE0FD17EB989F00D1A890 /* Prefix.pch */,
				503AE0FE17EB989F00D1A890 /* RootViewController.h */,
				503AE0FF17EB989F00D1A890 /* RootViewController.mm */,
			);
			name = ios;
			path = Classes;
			sourceTree = "<group>";
		};
		19C28FACFE9D520D11CA2CBB /* Products */ = {
			isa = PBXGroup;
			children = (
				1D6058910D05DD3D006BFB54 /* Interference iOS.app */,
				5087E76F17EB910900C73F5D /* Interference Mac.app */,
			);
			name = Products;
			sourceTree = "<group>";
		};
		29B97314FDCFA39411CA2CEA /* CustomTemplate */ = {
			isa = PBXGroup;
			children = (
				46880B8319C43A87006E1F66 /* Classes */,
				46880B7519C43A67006E1F66 /* Resources */,
				29B97323FDCFA39411CA2CEA /* Frameworks */,
				080E96DDFE201D6D7F000001 /* ios */,
				503AE10617EB990700D1A890 /* mac */,
				19C28FACFE9D520D11CA2CBB /* Products */,
				69B64FD9AF982FA2E8A6837F /* ios-libs */,
				91394B6CA6653CFBC51E5063 /* mac-libs */,
			);
			name = CustomTemplate;
			sourceTree = "<group>";
		};
		29B97323FDCFA39411CA2CEA /* Frameworks */ = {
			isa = PBXGroup;
			children = (
				8262943D1AAF051F00CB7CF7 /* Security.framework */,
				52B47A461A53D09B004E4C60 /* Security.framework */,
				D6B0611A1803AB670077942B /* CoreMotion.framework */,
				503AE11A17EB9C5A00D1A890 /* IOKit.framework */,
				503AE11117EB99EE00D1A890 /* libcurl.dylib */,
				5087E78A17EB975400C73F5D /* OpenGL.framework */,
				5087E78817EB974C00C73F5D /* AppKit.framework */,
				1ACB3243164770DE00914215 /* libcurl.a */,
				BF170DB412928DE900B8313A /* libz.dylib */,
				D44C620F132DFF4E0009C878 /* AudioToolbox.framework */,
				D44C620D132DFF430009C878 /* AVFoundation.framework */,
				288765A40DF7441C002DB57D /* CoreGraphics.framework */,
				1D30AB110D05D00D00671497 /* Foundation.framework */,
				D44C620B132DFF330009C878 /* OpenAL.framework */,
				BF170DB012928DE900B8313A /* OpenGLES.framework */,
				BF1C47EA1293683800B63C5D /* QuartzCore.framework */,
				1DF5F4DF0D08C38300B7A737 /* UIKit.framework */,
			);
			name = Frameworks;
			sourceTree = "<group>";
		};
		46880B7519C43A67006E1F66 /* Resources */ = {
			isa = PBXGroup;
			children = (
				814C57DF1B213E3700A259C4 /* Birth_1.plist */,
				814C57E01B213E3700A259C4 /* Birth_2.plist */,
				814C57E11B213E3700A259C4 /* Death.plist */,
				811A67841B2001B2001CD8D2 /* Tail.plist */,
				818BE6911B1DB7D600F44D7E /* Background.plist */,
				818BE68F1B1DB60E00F44D7E /* Square.plist */,
				818BE68D1B1DB2D000F44D7E /* Boom.plist */,
				818BE5C51B1DACE100F44D7E /* Shockwave1.png */,
				818BE5C61B1DACE100F44D7E /* Shockwave2.png */,
				818BE5C71B1DACE100F44D7E /* Shockwave3.png */,
				818BE5C81B1DACE100F44D7E /* Shockwave4.png */,
				818BE5C91B1DACE100F44D7E /* Shockwave5.png */,
				818BE5CA1B1DACE100F44D7E /* Shockwave6.png */,
				818BE5CB1B1DACE100F44D7E /* Shockwave7.png */,
				818BE5CC1B1DACE100F44D7E /* Shockwave8.png */,
				818BE5CD1B1DACE100F44D7E /* Shockwave9.png */,
				818BE5CE1B1DACE100F44D7E /* Shockwave10.png */,
				818BE5CF1B1DACE100F44D7E /* Shockwave11.png */,
				818BE5D01B1DACE100F44D7E /* Shockwave12.png */,
				818BE5D11B1DACE100F44D7E /* Shockwave13.png */,
				818BE5D21B1DACE100F44D7E /* Shockwave14.png */,
				818BE5D31B1DACE100F44D7E /* Shockwave15.png */,
				818BE5D41B1DACE100F44D7E /* Shockwave16.png */,
				818BE5D51B1DACE100F44D7E /* Shockwave17.png */,
				818BE5D61B1DACE100F44D7E /* Shockwave18.png */,
				818BE5D71B1DACE100F44D7E /* Shockwave19.png */,
				818BE5D81B1DACE100F44D7E /* Shockwave20.png */,
				818BE5D91B1DACE100F44D7E /* Shockwave21.png */,
				818BE5DA1B1DACE100F44D7E /* Shockwave22.png */,
				818BE5DB1B1DACE100F44D7E /* Shockwave23.png */,
				818BE5DC1B1DACE100F44D7E /* Shockwave24.png */,
				818BE5DD1B1DACE100F44D7E /* Shockwave25.png */,
				FA144D09A52357282113E0F8 /* res */,
			);
			name = Resources;
			path = ../Resources;
			sourceTree = "<group>";
		};
		46880B8319C43A87006E1F66 /* Classes */ = {
			isa = PBXGroup;
			children = (
				81BE3AF71B1F63CE0016364D /* BaseBullet.cpp */,
				81BE3AED1B1F637E0016364D /* BaseBullet.h */,
				81BE3AEE1B1F637E0016364D /* BattleLayer.cpp */,
				81BE3AEF1B1F637E0016364D /* BattleLayer.h */,
				818BE4A71B1C850D00F44D7E /* PlayerLayer.cpp */,
				818BE4A81B1C850D00F44D7E /* PlayerLayer.h */,
				818BE4A91B1C850D00F44D7E /* PlayerPlane.cpp */,
				818BE4AA1B1C850D00F44D7E /* PlayerPlane.h */,
				81BE3AF01B1F637E0016364D /* BattleScene.cpp */,
				81BE3AF11B1F637E0016364D /* BattleScene.h */,
				81BE3AF21B1F637E0016364D /* PlayerBullet.cpp */,
				81BE3AF31B1F637E0016364D /* PlayerBullet.h */,
				818BE4871B1C850D00F44D7E /* BaseCamera.cpp */,
				818BE4881B1C850D00F44D7E /* BaseCamera.h */,
				818BE4891B1C850D00F44D7E /* BaseObject.cpp */,
				818BE48A1B1C850D00F44D7E /* BaseObject.h */,
				818BE48B1B1C850D00F44D7E /* BasePlane.cpp */,
				818BE48C1B1C850D00F44D7E /* BasePlane.h */,
				818BE48D1B1C850D00F44D7E /* BasePlayer.cpp */,
				818BE48E1B1C850D00F44D7E /* BasePlayer.h */,
				818BE48F1B1C850D00F44D7E /* BaseTraced.cpp */,
				818BE4901B1C850D00F44D7E /* BaseTraced.h */,
				818BE4911B1C850D00F44D7E /* BulletLayer.cpp */,
				818BE4921B1C850D00F44D7E /* BulletLayer.h */,
				818BE4931B1C850D00F44D7E /* BulletUserData.cpp */,
				818BE4941B1C850D00F44D7E /* BulletUserData.h */,
				818BE4951B1C850D00F44D7E /* CameraNode.cpp */,
				818BE4961B1C850D00F44D7E /* CameraNode.h */,
				818BE4971B1C850D00F44D7E /* ConfigUtil.cpp */,
				818BE4981B1C850D00F44D7E /* ConfigUtil.h */,
				818BE4991B1C850D00F44D7E /* Controller.cpp */,
				818BE49A1B1C850D00F44D7E /* Controller.h */,
				818BE49B1B1C850D00F44D7E /* EnemyBulletLayer.cpp */,
				818BE49C1B1C850D00F44D7E /* EnemyBulletLayer.h */,
				818BE49D1B1C850D00F44D7E /* EnemyLayer.cpp */,
				818BE49E1B1C850D00F44D7E /* EnemyLayer.h */,
				818BE49F1B1C850D00F44D7E /* EnemyUserData.cpp */,
				818BE4A01B1C850D00F44D7E /* EnemyUserData.h */,
				818BE4A11B1C850D00F44D7E /* GameBackgroundLayer.cpp */,
				818BE4A21B1C850D00F44D7E /* GameBackgroundLayer.h */,
				818BE4AB1B1C850D00F44D7E /* PlayerUserData.cpp */,
				818BE4AC1B1C850D00F44D7E /* PlayerUserData.h */,
				818BE4AD1B1C850D00F44D7E /* UILayer.cpp */,
				818BE4AE1B1C850D00F44D7E /* UILayer.h */,
				46880B8419C43A87006E1F66 /* AppDelegate.cpp */,
				46880B8519C43A87006E1F66 /* AppDelegate.h */,
				46880B8619C43A87006E1F66 /* HelloWorldScene.cpp */,
				46880B8719C43A87006E1F66 /* HelloWorldScene.h */,
				818BE4C61B1D468700F44D7E /* AnimationUtil.h */,
				818BE4C71B1D485000F44D7E /* AnimationUtil.cpp */,
			);
			name = Classes;
			path = ../Classes;
			sourceTree = "<group>";
		};
		503AE0F517EB97AB00D1A890 /* Icons */ = {
			isa = PBXGroup;
			children = (
				503AE0F617EB97AB00D1A890 /* Icon.icns */,
				503AE0F717EB97AB00D1A890 /* Info.plist */,
			);
			name = Icons;
			path = mac;
			sourceTree = SOURCE_ROOT;
		};
		503AE10617EB990700D1A890 /* mac */ = {
			isa = PBXGroup;
			children = (
				503AE0F517EB97AB00D1A890 /* Icons */,
				503AE10317EB98FF00D1A890 /* main.cpp */,
				503AE10417EB98FF00D1A890 /* Prefix.pch */,
			);
			name = mac;
			sourceTree = "<group>";
		};
		5087E77117EB970100C73F5D /* Icons */ = {
			isa = PBXGroup;
			children = (
				521A8E6219F0C34300D177D7 /* Default-667h@2x.png */,
				521A8E6319F0C34300D177D7 /* Default-736h@3x.png */,
				5087E77217EB970100C73F5D /* Default-568h@2x.png */,
				5087E77317EB970100C73F5D /* Default.png */,
				5087E77417EB970100C73F5D /* Default@2x.png */,
				50EF62A017ECD613001EB2F8 /* Icon-29.png */,
				50EF62A117ECD613001EB2F8 /* Icon-50.png */,
				50EF629217ECD46A001EB2F8 /* Icon-40.png */,
				50EF629317ECD46A001EB2F8 /* Icon-58.png */,
				50EF629417ECD46A001EB2F8 /* Icon-80.png */,
				50EF629517ECD46A001EB2F8 /* Icon-100.png */,
				5087E77517EB970100C73F5D /* Icon-114.png */,
				5087E77617EB970100C73F5D /* Icon-120.png */,
				5087E77717EB970100C73F5D /* Icon-144.png */,
				5087E77817EB970100C73F5D /* Icon-152.png */,
				5087E77917EB970100C73F5D /* Icon-57.png */,
				5087E77A17EB970100C73F5D /* Icon-72.png */,
				5087E77B17EB970100C73F5D /* Icon-76.png */,
				5087E77C17EB970100C73F5D /* Info.plist */,
			);
			name = Icons;
			path = ios;
			sourceTree = SOURCE_ROOT;
		};
		69B64FD9AF982FA2E8A6837F /* ios-libs */ = {
			isa = PBXGroup;
			children = (
				FE4A434CB0497EB05B450757 /* libcocos2d iOS.a */,
			);
			name = "ios-libs";
			sourceTree = "<group>";
		};
		91394B6CA6653CFBC51E5063 /* mac-libs */ = {
			isa = PBXGroup;
			children = (
				62FC4D32A80EFB11E0A6CF2A /* libcocos2d Mac.a */,
			);
			name = "mac-libs";
			sourceTree = "<group>";
		};
/* End PBXGroup section */

/* Begin PBXNativeTarget section */
		1D6058900D05DD3D006BFB54 /* Interference iOS */ = {
			isa = PBXNativeTarget;
			buildConfigurationList = 1D6058960D05DD3E006BFB54 /* Build configuration list for PBXNativeTarget "Interference iOS" */;
			buildPhases = (
				1D60588D0D05DD3D006BFB54 /* Resources */,
				1D60588E0D05DD3D006BFB54 /* Sources */,
				1D60588F0D05DD3D006BFB54 /* Frameworks */,
			);
			buildRules = (
			);
			dependencies = (
			);
			name = "Interference iOS";
			productName = iphone;
			productReference = 1D6058910D05DD3D006BFB54 /* Interference iOS.app */;
			productType = "com.apple.product-type.application";
		};
		5087E73D17EB910900C73F5D /* Interference Mac */ = {
			isa = PBXNativeTarget;
			buildConfigurationList = 5087E76C17EB910900C73F5D /* Build configuration list for PBXNativeTarget "Interference Mac" */;
			buildPhases = (
				5087E74817EB910900C73F5D /* Resources */,
				5087E75617EB910900C73F5D /* Sources */,
				5087E75C17EB910900C73F5D /* Frameworks */,
			);
			buildRules = (
			);
			dependencies = (
			);
			name = "Interference Mac";
			productName = iphone;
			productReference = 5087E76F17EB910900C73F5D /* Interference Mac.app */;
			productType = "com.apple.product-type.application";
		};
/* End PBXNativeTarget section */

/* Begin PBXProject section */
		29B97313FDCFA39411CA2CEA /* Project object */ = {
			isa = PBXProject;
			attributes = {
				LastUpgradeCheck = 0630;
				TargetAttributes = {
					1D6058900D05DD3D006BFB54 = {
						DevelopmentTeam = MDDB52YB8L;
					};
				};
			};
			buildConfigurationList = C01FCF4E08A954540054247B /* Build configuration list for PBXProject "Interference" */;
			compatibilityVersion = "Xcode 3.2";
			developmentRegion = English;
			hasScannedForEncodings = 1;
			knownRegions = (
				English,
				Japanese,
				French,
				German,
			);
			mainGroup = 29B97314FDCFA39411CA2CEA /* CustomTemplate */;
			projectDirPath = "";
			projectRoot = "";
			targets = (
				1D6058900D05DD3D006BFB54 /* Interference iOS */,
				5087E73D17EB910900C73F5D /* Interference Mac */,
			);
		};
/* End PBXProject section */

/* Begin PBXResourcesBuildPhase section */
		1D60588D0D05DD3D006BFB54 /* Resources */ = {
			isa = PBXResourcesBuildPhase;
			buildActionMask = 2147483647;
			files = (
				5087E78117EB970100C73F5D /* Icon-120.png in Resources */,
				5087E78617EB970100C73F5D /* Icon-76.png in Resources */,
				5087E77F17EB970100C73F5D /* Default@2x.png in Resources */,
				50EF629917ECD46A001EB2F8 /* Icon-100.png in Resources */,
				5087E78317EB970100C73F5D /* Icon-152.png in Resources */,
				5087E77D17EB970100C73F5D /* Default-568h@2x.png in Resources */,
				5087E78517EB970100C73F5D /* Icon-72.png in Resources */,
				521A8E6519F0C34300D177D7 /* Default-736h@3x.png in Resources */,
				50EF62A317ECD613001EB2F8 /* Icon-50.png in Resources */,
				5087E78017EB970100C73F5D /* Icon-114.png in Resources */,
				50EF62A217ECD613001EB2F8 /* Icon-29.png in Resources */,
				50EF629617ECD46A001EB2F8 /* Icon-40.png in Resources */,
				5087E78217EB970100C73F5D /* Icon-144.png in Resources */,
				50EF629817ECD46A001EB2F8 /* Icon-80.png in Resources */,
				5087E78417EB970100C73F5D /* Icon-57.png in Resources */,
				5087E77E17EB970100C73F5D /* Default.png in Resources */,
				521A8E6419F0C34300D177D7 /* Default-667h@2x.png in Resources */,
				50EF629717ECD46A001EB2F8 /* Icon-58.png in Resources */,
				41E34A81ACA2320B6C76C445 /* res in Resources */,
			);
			runOnlyForDeploymentPostprocessing = 0;
		};
		5087E74817EB910900C73F5D /* Resources */ = {
			isa = PBXResourcesBuildPhase;
			buildActionMask = 2147483647;
			files = (
				818BE6381B1DACE100F44D7E /* Shockwave16.png in Resources */,
				503AE0F817EB97AB00D1A890 /* Icon.icns in Resources */,
				814C57E31B213E3700A259C4 /* Birth_2.plist in Resources */,
				818BE6901B1DB60E00F44D7E /* Square.plist in Resources */,
				818BE63A1B1DACE100F44D7E /* Shockwave18.png in Resources */,
				818BE62B1B1DACE100F44D7E /* Shockwave3.png in Resources */,
				818BE6361B1DACE100F44D7E /* Shockwave14.png in Resources */,
				818BE63F1B1DACE100F44D7E /* Shockwave23.png in Resources */,
				818BE62E1B1DACE100F44D7E /* Shockwave6.png in Resources */,
				818BE6291B1DACE100F44D7E /* Shockwave1.png in Resources */,
				818BE63D1B1DACE100F44D7E /* Shockwave21.png in Resources */,
				818BE6921B1DB7D600F44D7E /* Background.plist in Resources */,
				818BE6331B1DACE100F44D7E /* Shockwave11.png in Resources */,
				818BE63E1B1DACE100F44D7E /* Shockwave22.png in Resources */,
				811A67851B2001B2001CD8D2 /* Tail.plist in Resources */,
				818BE62A1B1DACE100F44D7E /* Shockwave2.png in Resources */,
				818BE62C1B1DACE100F44D7E /* Shockwave4.png in Resources */,
				814C57E21B213E3700A259C4 /* Birth_1.plist in Resources */,
				818BE6321B1DACE100F44D7E /* Shockwave10.png in Resources */,
				818BE6341B1DACE100F44D7E /* Shockwave12.png in Resources */,
				818BE6301B1DACE100F44D7E /* Shockwave8.png in Resources */,
				818BE6371B1DACE100F44D7E /* Shockwave15.png in Resources */,
				818BE68E1B1DB2D000F44D7E /* Boom.plist in Resources */,
				818BE6401B1DACE100F44D7E /* Shockwave24.png in Resources */,
				818BE6411B1DACE100F44D7E /* Shockwave25.png in Resources */,
				818BE62D1B1DACE100F44D7E /* Shockwave5.png in Resources */,
				818BE63B1B1DACE100F44D7E /* Shockwave19.png in Resources */,
				818BE62F1B1DACE100F44D7E /* Shockwave7.png in Resources */,
				818BE6391B1DACE100F44D7E /* Shockwave17.png in Resources */,
				818BE6351B1DACE100F44D7E /* Shockwave13.png in Resources */,
				818BE6311B1DACE100F44D7E /* Shockwave9.png in Resources */,
				7AB94C6A95BCF2B4CA3DF1DC /* res in Resources */,
				818BE63C1B1DACE100F44D7E /* Shockwave20.png in Resources */,
				814C57E41B213E3700A259C4 /* Death.plist in Resources */,
			);
			runOnlyForDeploymentPostprocessing = 0;
		};
/* End PBXResourcesBuildPhase section */

/* Begin PBXSourcesBuildPhase section */
		1D60588E0D05DD3D006BFB54 /* Sources */ = {
			isa = PBXSourcesBuildPhase;
			buildActionMask = 2147483647;
			files = (
				46880B8819C43A87006E1F66 /* AppDelegate.cpp in Sources */,
				46880B8A19C43A87006E1F66 /* HelloWorldScene.cpp in Sources */,
				503AE10017EB989F00D1A890 /* AppController.mm in Sources */,
				503AE10217EB989F00D1A890 /* RootViewController.mm in Sources */,
				503AE10117EB989F00D1A890 /* main.m in Sources */,
			);
			runOnlyForDeploymentPostprocessing = 0;
		};
		5087E75617EB910900C73F5D /* Sources */ = {
			isa = PBXSourcesBuildPhase;
			buildActionMask = 2147483647;
			files = (
				46880B8919C43A87006E1F66 /* AppDelegate.cpp in Sources */,
				818BE4C11B1C850D00F44D7E /* PlayerUserData.cpp in Sources */,
				81BE3AF51B1F637E0016364D /* BattleScene.cpp in Sources */,
				818BE4BA1B1C850D00F44D7E /* EnemyLayer.cpp in Sources */,
				818BE4B11B1C850D00F44D7E /* BasePlane.cpp in Sources */,
				503AE10517EB98FF00D1A890 /* main.cpp in Sources */,
				818BE4C01B1C850D00F44D7E /* PlayerPlane.cpp in Sources */,
				818BE4B01B1C850D00F44D7E /* BaseObject.cpp in Sources */,
				818BE4C21B1C850D00F44D7E /* UILayer.cpp in Sources */,
				818BE4B51B1C850D00F44D7E /* BulletUserData.cpp in Sources */,
				46880B8B19C43A87006E1F66 /* HelloWorldScene.cpp in Sources */,
				818BE4B31B1C850D00F44D7E /* BaseTraced.cpp in Sources */,
				818BE4B71B1C850D00F44D7E /* ConfigUtil.cpp in Sources */,
				818BE4BB1B1C850D00F44D7E /* EnemyUserData.cpp in Sources */,
				81BE3AF81B1F63CE0016364D /* BaseBullet.cpp in Sources */,
				818BE4B91B1C850D00F44D7E /* EnemyBulletLayer.cpp in Sources */,
				81BE3AF41B1F637E0016364D /* BattleLayer.cpp in Sources */,
				818BE4C81B1D485000F44D7E /* AnimationUtil.cpp in Sources */,
				81BE3AF61B1F637E0016364D /* PlayerBullet.cpp in Sources */,
				818BE4AF1B1C850D00F44D7E /* BaseCamera.cpp in Sources */,
				818BE4BF1B1C850D00F44D7E /* PlayerLayer.cpp in Sources */,
				818BE4B21B1C850D00F44D7E /* BasePlayer.cpp in Sources */,
				818BE4BC1B1C850D00F44D7E /* GameBackgroundLayer.cpp in Sources */,
				818BE4B61B1C850D00F44D7E /* CameraNode.cpp in Sources */,
				818BE4B81B1C850D00F44D7E /* Controller.cpp in Sources */,
				818BE4B41B1C850D00F44D7E /* BulletLayer.cpp in Sources */,
			);
			runOnlyForDeploymentPostprocessing = 0;
		};
/* End PBXSourcesBuildPhase section */

/* Begin XCBuildConfiguration section */
		1D6058940D05DD3E006BFB54 /* Debug */ = {
			isa = XCBuildConfiguration;
			buildSettings = {
				ALWAYS_SEARCH_USER_PATHS = YES;
				CODE_SIGN_IDENTITY = "iPhone Developer";
				COMPRESS_PNG_FILES = NO;
				GCC_DYNAMIC_NO_PIC = NO;
				GCC_INLINES_ARE_PRIVATE_EXTERN = NO;
				GCC_PRECOMPILE_PREFIX_HEADER = YES;
				GCC_PREFIX_HEADER = ios/Prefix.pch;
				GCC_PREPROCESSOR_DEFINITIONS = (
					USE_FILE32API,
					CC_TARGET_OS_IPHONE,
					"COCOS2D_DEBUG=1",
					"CC_ENABLE_CHIPMUNK_INTEGRATION=1",
				);
				GCC_SYMBOLS_PRIVATE_EXTERN = NO;
				HEADER_SEARCH_PATHS = (
					"$(inherited)",
					"/Applications/Cocos/frameworks/cocos2d-x-3.6/cocos/platform/ios",
					"/Applications/Cocos/frameworks/cocos2d-x-3.6/cocos/platform/ios/Simulation",
				);
				INFOPLIST_FILE = ios/Info.plist;
				IPHONEOS_DEPLOYMENT_TARGET = 5.0;
				LIBRARY_SEARCH_PATHS = " /Applications/Cocos/frameworks/cocos2d-x-3.6/prebuilt/ios";
				OTHER_LDFLAGS = (
					"$(_COCOS_LIB_IOS_BEGIN)",
					"$(_COCOS_LIB_IOS_END)",
				);
				SDKROOT = iphoneos;
				TARGETED_DEVICE_FAMILY = "1,2";
				USER_HEADER_SEARCH_PATHS = "$(_COCOS_HEADER_IOS_BEGIN) $(_COCOS_HEADER_IOS_END)";
				VALID_ARCHS = "arm64 armv7";
			};
			name = Debug;
		};
		1D6058950D05DD3E006BFB54 /* Release */ = {
			isa = XCBuildConfiguration;
			buildSettings = {
				ALWAYS_SEARCH_USER_PATHS = YES;
				CODE_SIGN_IDENTITY = "iPhone Developer";
				COMPRESS_PNG_FILES = NO;
				GCC_INLINES_ARE_PRIVATE_EXTERN = NO;
				GCC_PRECOMPILE_PREFIX_HEADER = YES;
				GCC_PREFIX_HEADER = ios/Prefix.pch;
				GCC_PREPROCESSOR_DEFINITIONS = (
					USE_FILE32API,
					CC_TARGET_OS_IPHONE,
					"CC_ENABLE_CHIPMUNK_INTEGRATION=1",
				);
				GCC_SYMBOLS_PRIVATE_EXTERN = NO;
				HEADER_SEARCH_PATHS = (
					"$(inherited)",
					"/Applications/Cocos/frameworks/cocos2d-x-3.6/cocos/platform/ios",
					"/Applications/Cocos/frameworks/cocos2d-x-3.6/cocos/platform/ios/Simulation",
				);
				INFOPLIST_FILE = ios/Info.plist;
				IPHONEOS_DEPLOYMENT_TARGET = 5.0;
				LIBRARY_SEARCH_PATHS = " /Applications/Cocos/frameworks/cocos2d-x-3.6/prebuilt/ios";
				OTHER_LDFLAGS = (
					"$(_COCOS_LIB_IOS_BEGIN)",
					"$(_COCOS_LIB_IOS_END)",
				);
				SDKROOT = iphoneos;
				TARGETED_DEVICE_FAMILY = "1,2";
				USER_HEADER_SEARCH_PATHS = "$(_COCOS_HEADER_IOS_BEGIN) $(_COCOS_HEADER_IOS_END)";
				VALID_ARCHS = "arm64 armv7";
			};
			name = Release;
		};
		5087E76D17EB910900C73F5D /* Debug */ = {
			isa = XCBuildConfiguration;
			buildSettings = {
				ALWAYS_SEARCH_USER_PATHS = YES;
				CLANG_CXX_LANGUAGE_STANDARD = "c++0x";
				CLANG_CXX_LIBRARY = "libc++";
				COMBINE_HIDPI_IMAGES = YES;
				GCC_DYNAMIC_NO_PIC = NO;
				GCC_INLINES_ARE_PRIVATE_EXTERN = NO;
				GCC_PRECOMPILE_PREFIX_HEADER = YES;
				GCC_PREFIX_HEADER = mac/Prefix.pch;
				GCC_PREPROCESSOR_DEFINITIONS = (
					USE_FILE32API,
					CC_TARGET_OS_MAC,
					"COCOS2D_DEBUG=1",
					"CC_ENABLE_CHIPMUNK_INTEGRATION=1",
				);
				GCC_SYMBOLS_PRIVATE_EXTERN = NO;
				HEADER_SEARCH_PATHS = (
					"$(inherited)",
					"/Applications/Cocos/frameworks/cocos2d-x-3.6/cocos/platform/mac",
					"/Applications/Cocos/frameworks/cocos2d-x-3.6/external/glfw3/include/mac",
				);
				INFOPLIST_FILE = mac/Info.plist;
				LIBRARY_SEARCH_PATHS = " /Applications/Cocos/frameworks/cocos2d-x-3.6/prebuilt/mac";
				OTHER_LDFLAGS = (
					"$(_COCOS_LIB_MAC_BEGIN)",
					"$(_COCOS_LIB_MAC_END)",
				);
				USER_HEADER_SEARCH_PATHS = "$(_COCOS_HEADER_MAC_BEGIN) $(_COCOS_HEADER_MAC_END)";
			};
			name = Debug;
		};
		5087E76E17EB910900C73F5D /* Release */ = {
			isa = XCBuildConfiguration;
			buildSettings = {
				ALWAYS_SEARCH_USER_PATHS = YES;
				CLANG_CXX_LANGUAGE_STANDARD = "c++0x";
				CLANG_CXX_LIBRARY = "libc++";
				COMBINE_HIDPI_IMAGES = YES;
				GCC_INLINES_ARE_PRIVATE_EXTERN = NO;
				GCC_PRECOMPILE_PREFIX_HEADER = YES;
				GCC_PREFIX_HEADER = mac/Prefix.pch;
				GCC_PREPROCESSOR_DEFINITIONS = (
					USE_FILE32API,
					CC_TARGET_OS_MAC,
					"CC_ENABLE_CHIPMUNK_INTEGRATION=1",
				);
				GCC_SYMBOLS_PRIVATE_EXTERN = NO;
				HEADER_SEARCH_PATHS = (
					"$(inherited)",
					"/Applications/Cocos/frameworks/cocos2d-x-3.6/cocos/platform/mac",
					"/Applications/Cocos/frameworks/cocos2d-x-3.6/external/glfw3/include/mac",
				);
				INFOPLIST_FILE = mac/Info.plist;
				LIBRARY_SEARCH_PATHS = " /Applications/Cocos/frameworks/cocos2d-x-3.6/prebuilt/mac";
				OTHER_LDFLAGS = (
					"$(_COCOS_LIB_MAC_BEGIN)",
					"$(_COCOS_LIB_MAC_END)",
				);
				USER_HEADER_SEARCH_PATHS = "$(_COCOS_HEADER_MAC_BEGIN) $(_COCOS_HEADER_MAC_END)";
			};
			name = Release;
		};
		C01FCF4F08A954540054247B /* Debug */ = {
			isa = XCBuildConfiguration;
			buildSettings = {
				CLANG_CXX_LANGUAGE_STANDARD = "c++0x";
				CLANG_CXX_LIBRARY = "libc++";
				COPY_PHASE_STRIP = NO;
				GCC_OPTIMIZATION_LEVEL = 0;
				GCC_WARN_ABOUT_RETURN_TYPE = YES;
				GCC_WARN_UNUSED_VARIABLE = YES;
				HEADER_SEARCH_PATHS = (
					"/Applications/Cocos/frameworks/cocos2d-x-3.6",
					"/Applications/Cocos/frameworks/cocos2d-x-3.6/cocos",
					"/Applications/Cocos/frameworks/cocos2d-x-3.6/cocos/base",
					"/Applications/Cocos/frameworks/cocos2d-x-3.6/cocos/physics",
					"/Applications/Cocos/frameworks/cocos2d-x-3.6/cocos/math",
					"/Applications/Cocos/frameworks/cocos2d-x-3.6/cocos/2d",
					"/Applications/Cocos/frameworks/cocos2d-x-3.6/cocos/ui",
					"/Applications/Cocos/frameworks/cocos2d-x-3.6/cocos/network",
					"/Applications/Cocos/frameworks/cocos2d-x-3.6/cocos/audio/include",
					"/Applications/Cocos/frameworks/cocos2d-x-3.6/cocos/editor-support",
					"/Applications/Cocos/frameworks/cocos2d-x-3.6/extensions",
					"/Applications/Cocos/frameworks/cocos2d-x-3.6/external",
					"/Applications/Cocos/frameworks/cocos2d-x-3.6/external/chipmunk/include/chipmunk",
				);
				MACOSX_DEPLOYMENT_TARGET = 10.7;
				ONLY_ACTIVE_ARCH = YES;
				PRODUCT_NAME = "$(TARGET_NAME)";
				SDKROOT = macosx;
			};
			name = Debug;
		};
		C01FCF5008A954540054247B /* Release */ = {
			isa = XCBuildConfiguration;
			buildSettings = {
				CLANG_CXX_LANGUAGE_STANDARD = "c++0x";
				CLANG_CXX_LIBRARY = "libc++";
				GCC_WARN_ABOUT_RETURN_TYPE = YES;
				GCC_WARN_UNUSED_VARIABLE = YES;
				HEADER_SEARCH_PATHS = (
					"/Applications/Cocos/frameworks/cocos2d-x-3.6",
					"/Applications/Cocos/frameworks/cocos2d-x-3.6/cocos",
					"/Applications/Cocos/frameworks/cocos2d-x-3.6/cocos/base",
					"/Applications/Cocos/frameworks/cocos2d-x-3.6/cocos/physics",
					"/Applications/Cocos/frameworks/cocos2d-x-3.6/cocos/math",
					"/Applications/Cocos/frameworks/cocos2d-x-3.6/cocos/2d",
					"/Applications/Cocos/frameworks/cocos2d-x-3.6/cocos/ui",
					"/Applications/Cocos/frameworks/cocos2d-x-3.6/cocos/network",
					"/Applications/Cocos/frameworks/cocos2d-x-3.6/cocos/audio/include",
					"/Applications/Cocos/frameworks/cocos2d-x-3.6/cocos/editor-support",
					"/Applications/Cocos/frameworks/cocos2d-x-3.6/extensions",
					"/Applications/Cocos/frameworks/cocos2d-x-3.6/external",
					"/Applications/Cocos/frameworks/cocos2d-x-3.6/external/chipmunk/include/chipmunk",
				);
				MACOSX_DEPLOYMENT_TARGET = 10.7;
				OTHER_CFLAGS = "-DNS_BLOCK_ASSERTIONS=1";
				PRODUCT_NAME = "$(TARGET_NAME)";
				SDKROOT = macosx;
				VALIDATE_PRODUCT = YES;
			};
			name = Release;
		};
/* End XCBuildConfiguration section */

/* Begin XCConfigurationList section */
		1D6058960D05DD3E006BFB54 /* Build configuration list for PBXNativeTarget "Interference iOS" */ = {
			isa = XCConfigurationList;
			buildConfigurations = (
				1D6058940D05DD3E006BFB54 /* Debug */,
				1D6058950D05DD3E006BFB54 /* Release */,
			);
			defaultConfigurationIsVisible = 0;
			defaultConfigurationName = Debug;
		};
		5087E76C17EB910900C73F5D /* Build configuration list for PBXNativeTarget "Interference Mac" */ = {
			isa = XCConfigurationList;
			buildConfigurations = (
				5087E76D17EB910900C73F5D /* Debug */,
				5087E76E17EB910900C73F5D /* Release */,
			);
			defaultConfigurationIsVisible = 0;
			defaultConfigurationName = Debug;
		};
		C01FCF4E08A954540054247B /* Build configuration list for PBXProject "Interference" */ = {
			isa = XCConfigurationList;
			buildConfigurations = (
				C01FCF4F08A954540054247B /* Debug */,
				C01FCF5008A954540054247B /* Release */,
			);
			defaultConfigurationIsVisible = 0;
			defaultConfigurationName = Debug;
		};
/* End XCConfigurationList section */
	};
	rootObject = 29B97313FDCFA39411CA2CEA /* Project object */;
}
